// !$*UTF8*$!
{
	archiveVersion = 1;
	classes = {
	};
	objectVersion = 46;
	objects = {

/* Begin PBXBuildFile section */
		B01D1F72185930EE009B7081 /* Foundation.framework in Frameworks */ = {isa = PBXBuildFile; fileRef = B01D1F71185930EE009B7081 /* Foundation.framework */; };
		B01D1F74185930EE009B7081 /* CoreGraphics.framework in Frameworks */ = {isa = PBXBuildFile; fileRef = B01D1F73185930EE009B7081 /* CoreGraphics.framework */; };
		B01D1F76185930EE009B7081 /* UIKit.framework in Frameworks */ = {isa = PBXBuildFile; fileRef = B01D1F75185930EE009B7081 /* UIKit.framework */; };
		B01D1F7C185930EE009B7081 /* InfoPlist.strings in Resources */ = {isa = PBXBuildFile; fileRef = B01D1F7A185930EE009B7081 /* InfoPlist.strings */; };
		B01D1F7E185930EE009B7081 /* main.m in Sources */ = {isa = PBXBuildFile; fileRef = B01D1F7D185930EE009B7081 /* main.m */; };
		B01D1F82185930EE009B7081 /* LBAppDelegate.m in Sources */ = {isa = PBXBuildFile; fileRef = B01D1F81185930EE009B7081 /* LBAppDelegate.m */; };
		B01D1F85185930EE009B7081 /* Main_iPhone.storyboard in Resources */ = {isa = PBXBuildFile; fileRef = B01D1F83185930EE009B7081 /* Main_iPhone.storyboard */; };
		B01D1F88185930EE009B7081 /* Main_iPad.storyboard in Resources */ = {isa = PBXBuildFile; fileRef = B01D1F86185930EE009B7081 /* Main_iPad.storyboard */; };
		B01D1F8B185930EE009B7081 /* LBViewController.m in Sources */ = {isa = PBXBuildFile; fileRef = B01D1F8A185930EE009B7081 /* LBViewController.m */; };
		B01D1F8D185930EE009B7081 /* Images.xcassets in Resources */ = {isa = PBXBuildFile; fileRef = B01D1F8C185930EE009B7081 /* Images.xcassets */; };
		B01D1F94185930EE009B7081 /* XCTest.framework in Frameworks */ = {isa = PBXBuildFile; fileRef = B01D1F93185930EE009B7081 /* XCTest.framework */; };
		B01D1F95185930EE009B7081 /* Foundation.framework in Frameworks */ = {isa = PBXBuildFile; fileRef = B01D1F71185930EE009B7081 /* Foundation.framework */; };
		B01D1F96185930EE009B7081 /* UIKit.framework in Frameworks */ = {isa = PBXBuildFile; fileRef = B01D1F75185930EE009B7081 /* UIKit.framework */; };
		B01D1F9E185930EE009B7081 /* InfoPlist.strings in Resources */ = {isa = PBXBuildFile; fileRef = B01D1F9C185930EE009B7081 /* InfoPlist.strings */; };
		B01D1FA0185930EE009B7081 /* LibraryBrowserTests.m in Sources */ = {isa = PBXBuildFile; fileRef = B01D1F9F185930EE009B7081 /* LibraryBrowserTests.m */; };
		B01D1FB6185932CF009B7081 /* LibraryModel.xcdatamodeld in Sources */ = {isa = PBXBuildFile; fileRef = B01D1FB4185932CF009B7081 /* LibraryModel.xcdatamodeld */; };
		B02350E9185947D7005D2A35 /* LBShelvesViewController.m in Sources */ = {isa = PBXBuildFile; fileRef = B02350E8185947D7005D2A35 /* LBShelvesViewController.m */; };
		B02350EC185947F2005D2A35 /* LBBooksViewController.m in Sources */ = {isa = PBXBuildFile; fileRef = B02350EB185947F2005D2A35 /* LBBooksViewController.m */; };
		B02350F018594BD1005D2A35 /* NOtes in Resources */ = {isa = PBXBuildFile; fileRef = B02350EF18594BD1005D2A35 /* NOtes */; };
		B02350F318594D03005D2A35 /* Library.m in Sources */ = {isa = PBXBuildFile; fileRef = B02350F218594D03005D2A35 /* Library.m */; };
		B02350F618594D03005D2A35 /* Shelf.m in Sources */ = {isa = PBXBuildFile; fileRef = B02350F518594D03005D2A35 /* Shelf.m */; };
		B02350F918594D03005D2A35 /* Book.m in Sources */ = {isa = PBXBuildFile; fileRef = B02350F818594D03005D2A35 /* Book.m */; };
		B02350FF18595AED005D2A35 /* librariesDatabase.json in Resources */ = {isa = PBXBuildFile; fileRef = B02350FE18595AED005D2A35 /* librariesDatabase.json */; };
/* End PBXBuildFile section */

/* Begin PBXContainerItemProxy section */
		B01D1F97185930EE009B7081 /* PBXContainerItemProxy */ = {
			isa = PBXContainerItemProxy;
			containerPortal = B01D1F66185930EE009B7081 /* Project object */;
			proxyType = 1;
			remoteGlobalIDString = B01D1F6D185930EE009B7081;
			remoteInfo = LibraryBrowser;
		};
/* End PBXContainerItemProxy section */

/* Begin PBXFileReference section */
		B01D1F6E185930EE009B7081 /* LibraryBrowser.app */ = {isa = PBXFileReference; explicitFileType = wrapper.application; includeInIndex = 0; path = LibraryBrowser.app; sourceTree = BUILT_PRODUCTS_DIR; };
		B01D1F71185930EE009B7081 /* Foundation.framework */ = {isa = PBXFileReference; lastKnownFileType = wrapper.framework; name = Foundation.framework; path = System/Library/Frameworks/Foundation.framework; sourceTree = SDKROOT; };
		B01D1F73185930EE009B7081 /* CoreGraphics.framework */ = {isa = PBXFileReference; lastKnownFileType = wrapper.framework; name = CoreGraphics.framework; path = System/Library/Frameworks/CoreGraphics.framework; sourceTree = SDKROOT; };
		B01D1F75185930EE009B7081 /* UIKit.framework */ = {isa = PBXFileReference; lastKnownFileType = wrapper.framework; name = UIKit.framework; path = System/Library/Frameworks/UIKit.framework; sourceTree = SDKROOT; };
		B01D1F79185930EE009B7081 /* LibraryBrowser-Info.plist */ = {isa = PBXFileReference; lastKnownFileType = text.plist.xml; path = "LibraryBrowser-Info.plist"; sourceTree = "<group>"; };
		B01D1F7B185930EE009B7081 /* en */ = {isa = PBXFileReference; lastKnownFileType = text.plist.strings; name = en; path = en.lproj/InfoPlist.strings; sourceTree = "<group>"; };
		B01D1F7D185930EE009B7081 /* main.m */ = {isa = PBXFileReference; lastKnownFileType = sourcecode.c.objc; path = main.m; sourceTree = "<group>"; };
		B01D1F7F185930EE009B7081 /* LibraryBrowser-Prefix.pch */ = {isa = PBXFileReference; lastKnownFileType = sourcecode.c.h; path = "LibraryBrowser-Prefix.pch"; sourceTree = "<group>"; };
		B01D1F80185930EE009B7081 /* LBAppDelegate.h */ = {isa = PBXFileReference; lastKnownFileType = sourcecode.c.h; path = LBAppDelegate.h; sourceTree = "<group>"; };
		B01D1F81185930EE009B7081 /* LBAppDelegate.m */ = {isa = PBXFileReference; lastKnownFileType = sourcecode.c.objc; path = LBAppDelegate.m; sourceTree = "<group>"; };
		B01D1F84185930EE009B7081 /* Base */ = {isa = PBXFileReference; lastKnownFileType = file.storyboard; name = Base; path = Base.lproj/Main_iPhone.storyboard; sourceTree = "<group>"; };
		B01D1F87185930EE009B7081 /* Base */ = {isa = PBXFileReference; lastKnownFileType = file.storyboard; name = Base; path = Base.lproj/Main_iPad.storyboard; sourceTree = "<group>"; };
		B01D1F89185930EE009B7081 /* LBViewController.h */ = {isa = PBXFileReference; lastKnownFileType = sourcecode.c.h; path = LBViewController.h; sourceTree = "<group>"; };
		B01D1F8A185930EE009B7081 /* LBViewController.m */ = {isa = PBXFileReference; lastKnownFileType = sourcecode.c.objc; path = LBViewController.m; sourceTree = "<group>"; };
		B01D1F8C185930EE009B7081 /* Images.xcassets */ = {isa = PBXFileReference; lastKnownFileType = folder.assetcatalog; path = Images.xcassets; sourceTree = "<group>"; };
		B01D1F92185930EE009B7081 /* LibraryBrowserTests.xctest */ = {isa = PBXFileReference; explicitFileType = wrapper.cfbundle; includeInIndex = 0; path = LibraryBrowserTests.xctest; sourceTree = BUILT_PRODUCTS_DIR; };
		B01D1F93185930EE009B7081 /* XCTest.framework */ = {isa = PBXFileReference; lastKnownFileType = wrapper.framework; name = XCTest.framework; path = Library/Frameworks/XCTest.framework; sourceTree = DEVELOPER_DIR; };
		B01D1F9B185930EE009B7081 /* LibraryBrowserTests-Info.plist */ = {isa = PBXFileReference; lastKnownFileType = text.plist.xml; path = "LibraryBrowserTests-Info.plist"; sourceTree = "<group>"; };
		B01D1F9D185930EE009B7081 /* en */ = {isa = PBXFileReference; lastKnownFileType = text.plist.strings; name = en; path = en.lproj/InfoPlist.strings; sourceTree = "<group>"; };
		B01D1F9F185930EE009B7081 /* LibraryBrowserTests.m */ = {isa = PBXFileReference; lastKnownFileType = sourcecode.c.objc; path = LibraryBrowserTests.m; sourceTree = "<group>"; };
		B01D1FB5185932CF009B7081 /* LibraryModel.xcdatamodel */ = {isa = PBXFileReference; lastKnownFileType = wrapper.xcdatamodel; path = LibraryModel.xcdatamodel; sourceTree = "<group>"; };
		B02350E7185947D7005D2A35 /* LBShelvesViewController.h */ = {isa = PBXFileReference; fileEncoding = 4; lastKnownFileType = sourcecode.c.h; path = LBShelvesViewController.h; sourceTree = "<group>"; };
		B02350E8185947D7005D2A35 /* LBShelvesViewController.m */ = {isa = PBXFileReference; fileEncoding = 4; lastKnownFileType = sourcecode.c.objc; path = LBShelvesViewController.m; sourceTree = "<group>"; };
		B02350EA185947F2005D2A35 /* LBBooksViewController.h */ = {isa = PBXFileReference; fileEncoding = 4; lastKnownFileType = sourcecode.c.h; path = LBBooksViewController.h; sourceTree = "<group>"; };
		B02350EB185947F2005D2A35 /* LBBooksViewController.m */ = {isa = PBXFileReference; fileEncoding = 4; lastKnownFileType = sourcecode.c.objc; path = LBBooksViewController.m; sourceTree = "<group>"; };
		B02350EF18594BD1005D2A35 /* NOtes */ = {isa = PBXFileReference; fileEncoding = 4; lastKnownFileType = text; path = NOtes; sourceTree = "<group>"; };
		B02350F118594D03005D2A35 /* Library.h */ = {isa = PBXFileReference; fileEncoding = 4; lastKnownFileType = sourcecode.c.h; path = Library.h; sourceTree = "<group>"; };
		B02350F218594D03005D2A35 /* Library.m */ = {isa = PBXFileReference; fileEncoding = 4; lastKnownFileType = sourcecode.c.objc; path = Library.m; sourceTree = "<group>"; };
		B02350F418594D03005D2A35 /* Shelf.h */ = {isa = PBXFileReference; fileEncoding = 4; lastKnownFileType = sourcecode.c.h; path = Shelf.h; sourceTree = "<group>"; };
		B02350F518594D03005D2A35 /* Shelf.m */ = {isa = PBXFileReference; fileEncoding = 4; lastKnownFileType = sourcecode.c.objc; path = Shelf.m; sourceTree = "<group>"; };
		B02350F718594D03005D2A35 /* Book.h */ = {isa = PBXFileReference; fileEncoding = 4; lastKnownFileType = sourcecode.c.h; path = Book.h; sourceTree = "<group>"; };
		B02350F818594D03005D2A35 /* Book.m */ = {isa = PBXFileReference; fileEncoding = 4; lastKnownFileType = sourcecode.c.objc; path = Book.m; sourceTree = "<group>"; };
		B02350FE18595AED005D2A35 /* librariesDatabase.json */ = {isa = PBXFileReference; fileEncoding = 4; lastKnownFileType = text.json; path = librariesDatabase.json; sourceTree = "<group>"; };
/* End PBXFileReference section */

/* Begin PBXFrameworksBuildPhase section */
		B01D1F6B185930EE009B7081 /* Frameworks */ = {
			isa = PBXFrameworksBuildPhase;
			buildActionMask = 2147483647;
			files = (
				B01D1F74185930EE009B7081 /* CoreGraphics.framework in Frameworks */,
				B01D1F76185930EE009B7081 /* UIKit.framework in Frameworks */,
				B01D1F72185930EE009B7081 /* Foundation.framework in Frameworks */,
			);
			runOnlyForDeploymentPostprocessing = 0;
		};
		B01D1F8F185930EE009B7081 /* Frameworks */ = {
			isa = PBXFrameworksBuildPhase;
			buildActionMask = 2147483647;
			files = (
				B01D1F94185930EE009B7081 /* XCTest.framework in Frameworks */,
				B01D1F96185930EE009B7081 /* UIKit.framework in Frameworks */,
				B01D1F95185930EE009B7081 /* Foundation.framework in Frameworks */,
			);
			runOnlyForDeploymentPostprocessing = 0;
		};
/* End PBXFrameworksBuildPhase section */

/* Begin PBXGroup section */
		B01D1F65185930EE009B7081 = {
			isa = PBXGroup;
			children = (
				B01D1F77185930EE009B7081 /* LibraryBrowser */,
				B01D1F99185930EE009B7081 /* LibraryBrowserTests */,
				B01D1F70185930EE009B7081 /* Frameworks */,
				B01D1F6F185930EE009B7081 /* Products */,
			);
			sourceTree = "<group>";
		};
		B01D1F6F185930EE009B7081 /* Products */ = {
			isa = PBXGroup;
			children = (
				B01D1F6E185930EE009B7081 /* LibraryBrowser.app */,
				B01D1F92185930EE009B7081 /* LibraryBrowserTests.xctest */,
			);
			name = Products;
			sourceTree = "<group>";
		};
		B01D1F70185930EE009B7081 /* Frameworks */ = {
			isa = PBXGroup;
			children = (
				B01D1F71185930EE009B7081 /* Foundation.framework */,
				B01D1F73185930EE009B7081 /* CoreGraphics.framework */,
				B01D1F75185930EE009B7081 /* UIKit.framework */,
				B01D1F93185930EE009B7081 /* XCTest.framework */,
			);
			name = Frameworks;
			sourceTree = "<group>";
		};
		B01D1F77185930EE009B7081 /* LibraryBrowser */ = {
			isa = PBXGroup;
			children = (
				B01D1F80185930EE009B7081 /* LBAppDelegate.h */,
				B01D1F81185930EE009B7081 /* LBAppDelegate.m */,
				B02350FE18595AED005D2A35 /* librariesDatabase.json */,
				B01D1F83185930EE009B7081 /* Main_iPhone.storyboard */,
				B01D1F86185930EE009B7081 /* Main_iPad.storyboard */,
				B02350EE18594A37005D2A35 /* ViewControllers */,
				B01D1FB4185932CF009B7081 /* LibraryModel.xcdatamodeld */,
				B02350ED18594A22005D2A35 /* Entities */,
				B01D1F8C185930EE009B7081 /* Images.xcassets */,
				B01D1F78185930EE009B7081 /* Supporting Files */,
			);
			path = LibraryBrowser;
			sourceTree = "<group>";
		};
		B01D1F78185930EE009B7081 /* Supporting Files */ = {
			isa = PBXGroup;
			children = (
				B01D1F79185930EE009B7081 /* LibraryBrowser-Info.plist */,
				B01D1F7A185930EE009B7081 /* InfoPlist.strings */,
				B01D1F7D185930EE009B7081 /* main.m */,
				B01D1F7F185930EE009B7081 /* LibraryBrowser-Prefix.pch */,
			);
			name = "Supporting Files";
			sourceTree = "<group>";
		};
		B01D1F99185930EE009B7081 /* LibraryBrowserTests */ = {
			isa = PBXGroup;
			children = (
				B01D1F9F185930EE009B7081 /* LibraryBrowserTests.m */,
				B01D1F9A185930EE009B7081 /* Supporting Files */,
			);
			path = LibraryBrowserTests;
			sourceTree = "<group>";
		};
		B01D1F9A185930EE009B7081 /* Supporting Files */ = {
			isa = PBXGroup;
			children = (
				B01D1F9B185930EE009B7081 /* LibraryBrowserTests-Info.plist */,
				B01D1F9C185930EE009B7081 /* InfoPlist.strings */,
			);
			name = "Supporting Files";
			sourceTree = "<group>";
		};
		B02350ED18594A22005D2A35 /* Entities */ = {
			isa = PBXGroup;
			children = (
				B02350F718594D03005D2A35 /* Book.h */,
				B02350F818594D03005D2A35 /* Book.m */,
				B02350F418594D03005D2A35 /* Shelf.h */,
				B02350F518594D03005D2A35 /* Shelf.m */,
				B02350F118594D03005D2A35 /* Library.h */,
				B02350F218594D03005D2A35 /* Library.m */,
				B02350EF18594BD1005D2A35 /* NOtes */,
			);
			name = Entities;
			sourceTree = "<group>";
		};
		B02350EE18594A37005D2A35 /* ViewControllers */ = {
			isa = PBXGroup;
			children = (
				B02350E7185947D7005D2A35 /* LBShelvesViewController.h */,
				B02350E8185947D7005D2A35 /* LBShelvesViewController.m */,
				B02350EA185947F2005D2A35 /* LBBooksViewController.h */,
				B02350EB185947F2005D2A35 /* LBBooksViewController.m */,
				B01D1F89185930EE009B7081 /* LBViewController.h */,
				B01D1F8A185930EE009B7081 /* LBViewController.m */,
			);
			name = ViewControllers;
			sourceTree = "<group>";
		};
/* End PBXGroup section */

/* Begin PBXNativeTarget section */
		B01D1F6D185930EE009B7081 /* LibraryBrowser */ = {
			isa = PBXNativeTarget;
			buildConfigurationList = B01D1FA3185930EE009B7081 /* Build configuration list for PBXNativeTarget "LibraryBrowser" */;
			buildPhases = (
				B01D1F6A185930EE009B7081 /* Sources */,
				B01D1F6B185930EE009B7081 /* Frameworks */,
				B01D1F6C185930EE009B7081 /* Resources */,
			);
			buildRules = (
			);
			dependencies = (
			);
			name = LibraryBrowser;
			productName = LibraryBrowser;
			productReference = B01D1F6E185930EE009B7081 /* LibraryBrowser.app */;
			productType = "com.apple.product-type.application";
		};
		B01D1F91185930EE009B7081 /* LibraryBrowserTests */ = {
			isa = PBXNativeTarget;
			buildConfigurationList = B01D1FA6185930EE009B7081 /* Build configuration list for PBXNativeTarget "LibraryBrowserTests" */;
			buildPhases = (
				B01D1F8E185930EE009B7081 /* Sources */,
				B01D1F8F185930EE009B7081 /* Frameworks */,
				B01D1F90185930EE009B7081 /* Resources */,
			);
			buildRules = (
			);
			dependencies = (
				B01D1F98185930EE009B7081 /* PBXTargetDependency */,
			);
			name = LibraryBrowserTests;
			productName = LibraryBrowserTests;
			productReference = B01D1F92185930EE009B7081 /* LibraryBrowserTests.xctest */;
			productType = "com.apple.product-type.bundle.unit-test";
		};
/* End PBXNativeTarget section */

/* Begin PBXProject section */
		B01D1F66185930EE009B7081 /* Project object */ = {
			isa = PBXProject;
			attributes = {
				CLASSPREFIX = LB;
				LastUpgradeCheck = 0500;
				ORGANIZATIONNAME = "Yair Szarf";
				TargetAttributes = {
					B01D1F91185930EE009B7081 = {
						TestTargetID = B01D1F6D185930EE009B7081;
					};
				};
			};
			buildConfigurationList = B01D1F69185930EE009B7081 /* Build configuration list for PBXProject "LibraryBrowser" */;
			compatibilityVersion = "Xcode 3.2";
			developmentRegion = English;
			hasScannedForEncodings = 0;
			knownRegions = (
				en,
				Base,
			);
			mainGroup = B01D1F65185930EE009B7081;
			productRefGroup = B01D1F6F185930EE009B7081 /* Products */;
			projectDirPath = "";
			projectRoot = "";
			targets = (
				B01D1F6D185930EE009B7081 /* LibraryBrowser */,
				B01D1F91185930EE009B7081 /* LibraryBrowserTests */,
			);
		};
/* End PBXProject section */

/* Begin PBXResourcesBuildPhase section */
		B01D1F6C185930EE009B7081 /* Resources */ = {
			isa = PBXResourcesBuildPhase;
			buildActionMask = 2147483647;
			files = (
				B01D1F88185930EE009B7081 /* Main_iPad.storyboard in Resources */,
				B01D1F8D185930EE009B7081 /* Images.xcassets in Resources */,
				B01D1F85185930EE009B7081 /* Main_iPhone.storyboard in Resources */,
				B02350F018594BD1005D2A35 /* NOtes in Resources */,
				B02350FF18595AED005D2A35 /* librariesDatabase.json in Resources */,
				B01D1F7C185930EE009B7081 /* InfoPlist.strings in Resources */,
			);
			runOnlyForDeploymentPostprocessing = 0;
		};
		B01D1F90185930EE009B7081 /* Resources */ = {
			isa = PBXResourcesBuildPhase;
			buildActionMask = 2147483647;
			files = (
				B01D1F9E185930EE009B7081 /* InfoPlist.strings in Resources */,
			);
			runOnlyForDeploymentPostprocessing = 0;
		};
/* End PBXResourcesBuildPhase section */

/* Begin PBXSourcesBuildPhase section */
		B01D1F6A185930EE009B7081 /* Sources */ = {
			isa = PBXSourcesBuildPhase;
			buildActionMask = 2147483647;
			files = (
				B01D1F82185930EE009B7081 /* LBAppDelegate.m in Sources */,
				B02350F918594D03005D2A35 /* Book.m in Sources */,
				B01D1F7E185930EE009B7081 /* main.m in Sources */,
				B01D1F8B185930EE009B7081 /* LBViewController.m in Sources */,
				B02350E9185947D7005D2A35 /* LBShelvesViewController.m in Sources */,
				B02350F618594D03005D2A35 /* Shelf.m in Sources */,
				B02350F318594D03005D2A35 /* Library.m in Sources */,
				B01D1FB6185932CF009B7081 /* LibraryModel.xcdatamodeld in Sources */,
				B02350EC185947F2005D2A35 /* LBBooksViewController.m in Sources */,
			);
			runOnlyForDeploymentPostprocessing = 0;
		};
		B01D1F8E185930EE009B7081 /* Sources */ = {
			isa = PBXSourcesBuildPhase;
			buildActionMask = 2147483647;
			files = (
				B01D1FA0185930EE009B7081 /* LibraryBrowserTests.m in Sources */,
			);
			runOnlyForDeploymentPostprocessing = 0;
		};
/* End PBXSourcesBuildPhase section */

/* Begin PBXTargetDependency section */
		B01D1F98185930EE009B7081 /* PBXTargetDependency */ = {
			isa = PBXTargetDependency;
			target = B01D1F6D185930EE009B7081 /* LibraryBrowser */;
			targetProxy = B01D1F97185930EE009B7081 /* PBXContainerItemProxy */;
		};
/* End PBXTargetDependency section */

/* Begin PBXVariantGroup section */
		B01D1F7A185930EE009B7081 /* InfoPlist.strings */ = {
			isa = PBXVariantGroup;
			children = (
				B01D1F7B185930EE009B7081 /* en */,
			);
			name = InfoPlist.strings;
			sourceTree = "<group>";
		};
		B01D1F83185930EE009B7081 /* Main_iPhone.storyboard */ = {
			isa = PBXVariantGroup;
			children = (
				B01D1F84185930EE009B7081 /* Base */,
			);
			name = Main_iPhone.storyboard;
			sourceTree = "<group>";
		};
		B01D1F86185930EE009B7081 /* Main_iPad.storyboard */ = {
			isa = PBXVariantGroup;
			children = (
				B01D1F87185930EE009B7081 /* Base */,
			);
			name = Main_iPad.storyboard;
			sourceTree = "<group>";
		};
		B01D1F9C185930EE009B7081 /* InfoPlist.strings */ = {
			isa = PBXVariantGroup;
			children = (
				B01D1F9D185930EE009B7081 /* en */,
			);
			name = InfoPlist.strings;
			sourceTree = "<group>";
		};
/* End PBXVariantGroup section */

/* Begin XCBuildConfiguration section */
		B01D1FA1185930EE009B7081 /* Debug */ = {
			isa = XCBuildConfiguration;
			buildSettings = {
				ALWAYS_SEARCH_USER_PATHS = NO;
				ARCHS = "$(ARCHS_STANDARD_INCLUDING_64_BIT)";
				CLANG_CXX_LANGUAGE_STANDARD = "gnu++0x";
				CLANG_CXX_LIBRARY = "libc++";
				CLANG_ENABLE_MODULES = YES;
				CLANG_ENABLE_OBJC_ARC = YES;
				CLANG_WARN_BOOL_CONVERSION = YES;
				CLANG_WARN_CONSTANT_CONVERSION = YES;
				CLANG_WARN_DIRECT_OBJC_ISA_USAGE = YES_ERROR;
				CLANG_WARN_EMPTY_BODY = YES;
				CLANG_WARN_ENUM_CONVERSION = YES;
				CLANG_WARN_INT_CONVERSION = YES;
				CLANG_WARN_OBJC_ROOT_CLASS = YES_ERROR;
				CLANG_WARN__DUPLICATE_METHOD_MATCH = YES;
				"CODE_SIGN_IDENTITY[sdk=iphoneos*]" = "iPhone Developer";
				COPY_PHASE_STRIP = NO;
				GCC_C_LANGUAGE_STANDARD = gnu99;
				GCC_DYNAMIC_NO_PIC = NO;
				GCC_OPTIMIZATION_LEVEL = 0;
				GCC_PREPROCESSOR_DEFINITIONS = (
					"DEBUG=1",
					"$(inherited)",
				);
				GCC_SYMBOLS_PRIVATE_EXTERN = NO;
				GCC_WARN_64_TO_32_BIT_CONVERSION = YES;
				GCC_WARN_ABOUT_RETURN_TYPE = YES_ERROR;
				GCC_WARN_UNDECLARED_SELECTOR = YES;
				GCC_WARN_UNINITIALIZED_AUTOS = YES;
				GCC_WARN_UNUSED_FUNCTION = YES;
				GCC_WARN_UNUSED_VARIABLE = YES;
				IPHONEOS_DEPLOYMENT_TARGET = 7.0;
				ONLY_ACTIVE_ARCH = YES;
				SDKROOT = iphoneos;
				TARGETED_DEVICE_FAMILY = "1,2";
			};
			name = Debug;
		};
		B01D1FA2185930EE009B7081 /* Release */ = {
			isa = XCBuildConfiguration;
			buildSettings = {
				ALWAYS_SEARCH_USER_PATHS = NO;
				ARCHS = "$(ARCHS_STANDARD_INCLUDING_64_BIT)";
				CLANG_CXX_LANGUAGE_STANDARD = "gnu++0x";
				CLANG_CXX_LIBRARY = "libc++";
				CLANG_ENABLE_MODULES = YES;
				CLANG_ENABLE_OBJC_ARC = YES;
				CLANG_WARN_BOOL_CONVERSION = YES;
				CLANG_WARN_CONSTANT_CONVERSION = YES;
				CLANG_WARN_DIRECT_OBJC_ISA_USAGE = YES_ERROR;
				CLANG_WARN_EMPTY_BODY = YES;
				CLANG_WARN_ENUM_CONVERSION = YES;
				CLANG_WARN_INT_CONVERSION = YES;
				CLANG_WARN_OBJC_ROOT_CLASS = YES_ERROR;
				CLANG_WARN__DUPLICATE_METHOD_MATCH = YES;
				"CODE_SIGN_IDENTITY[sdk=iphoneos*]" = "iPhone Developer";
				COPY_PHASE_STRIP = YES;
				ENABLE_NS_ASSERTIONS = NO;
				GCC_C_LANGUAGE_STANDARD = gnu99;
				GCC_WARN_64_TO_32_BIT_CONVERSION = YES;
				GCC_WARN_ABOUT_RETURN_TYPE = YES_ERROR;
				GCC_WARN_UNDECLARED_SELECTOR = YES;
				GCC_WARN_UNINITIALIZED_AUTOS = YES;
				GCC_WARN_UNUSED_FUNCTION = YES;
				GCC_WARN_UNUSED_VARIABLE = YES;
				IPHONEOS_DEPLOYMENT_TARGET = 7.0;
				SDKROOT = iphoneos;
				TARGETED_DEVICE_FAMILY = "1,2";
				VALIDATE_PRODUCT = YES;
			};
			name = Release;
		};
		B01D1FA4185930EE009B7081 /* Debug */ = {
			isa = XCBuildConfiguration;
			buildSettings = {
				ASSETCATALOG_COMPILER_APPICON_NAME = AppIcon;
				ASSETCATALOG_COMPILER_LAUNCHIMAGE_NAME = LaunchImage;
				GCC_PRECOMPILE_PREFIX_HEADER = YES;
				GCC_PREFIX_HEADER = "LibraryBrowser/LibraryBrowser-Prefix.pch";
				INFOPLIST_FILE = "LibraryBrowser/LibraryBrowser-Info.plist";
				PRODUCT_NAME = "$(TARGET_NAME)";
				WRAPPER_EXTENSION = app;
			};
			name = Debug;
		};
		B01D1FA5185930EE009B7081 /* Release */ = {
			isa = XCBuildConfiguration;
			buildSettings = {
				ASSETCATALOG_COMPILER_APPICON_NAME = AppIcon;
				ASSETCATALOG_COMPILER_LAUNCHIMAGE_NAME = LaunchImage;
				GCC_PRECOMPILE_PREFIX_HEADER = YES;
				GCC_PREFIX_HEADER = "LibraryBrowser/LibraryBrowser-Prefix.pch";
				INFOPLIST_FILE = "LibraryBrowser/LibraryBrowser-Info.plist";
				PRODUCT_NAME = "$(TARGET_NAME)";
				WRAPPER_EXTENSION = app;
			};
			name = Release;
		};
		B01D1FA7185930EE009B7081 /* Debug */ = {
			isa = XCBuildConfiguration;
			buildSettings = {
				ARCHS = "$(ARCHS_STANDARD_INCLUDING_64_BIT)";
				BUNDLE_LOADER = "$(BUILT_PRODUCTS_DIR)/LibraryBrowser.app/LibraryBrowser";
				FRAMEWORK_SEARCH_PATHS = (
					"$(SDKROOT)/Developer/Library/Frameworks",
					"$(inherited)",
					"$(DEVELOPER_FRAMEWORKS_DIR)",
				);
				GCC_PRECOMPILE_PREFIX_HEADER = YES;
				GCC_PREFIX_HEADER = "LibraryBrowser/LibraryBrowser-Prefix.pch";
				GCC_PREPROCESSOR_DEFINITIONS = (
					"DEBUG=1",
					"$(inherited)",
				);
				INFOPLIST_FILE = "LibraryBrowserTests/LibraryBrowserTests-Info.plist";
				PRODUCT_NAME = "$(TARGET_NAME)";
				TEST_HOST = "$(BUNDLE_LOADER)";
				WRAPPER_EXTENSION = xctest;
			};
			name = Debug;
		};
		B01D1FA8185930EE009B7081 /* Release */ = {
			isa = XCBuildConfiguration;
			buildSettings = {
				ARCHS = "$(ARCHS_STANDARD_INCLUDING_64_BIT)";
				BUNDLE_LOADER = "$(BUILT_PRODUCTS_DIR)/LibraryBrowser.app/LibraryBrowser";
				FRAMEWORK_SEARCH_PATHS = (
					"$(SDKROOT)/Developer/Library/Frameworks",
					"$(inherited)",
					"$(DEVELOPER_FRAMEWORKS_DIR)",
				);
				GCC_PRECOMPILE_PREFIX_HEADER = YES;
				GCC_PREFIX_HEADER = "LibraryBrowser/LibraryBrowser-Prefix.pch";
				INFOPLIST_FILE = "LibraryBrowserTests/LibraryBrowserTests-Info.plist";
				PRODUCT_NAME = "$(TARGET_NAME)";
				TEST_HOST = "$(BUNDLE_LOADER)";
				WRAPPER_EXTENSION = xctest;
			};
			name = Release;
		};
/* End XCBuildConfiguration section */

/* Begin XCConfigurationList section */
		B01D1F69185930EE009B7081 /* Build configuration list for PBXProject "LibraryBrowser" */ = {
			isa = XCConfigurationList;
			buildConfigurations = (
				B01D1FA1185930EE009B7081 /* Debug */,
				B01D1FA2185930EE009B7081 /* Release */,
			);
			defaultConfigurationIsVisible = 0;
			defaultConfigurationName = Release;
		};
		B01D1FA3185930EE009B7081 /* Build configuration list for PBXNativeTarget "LibraryBrowser" */ = {
			isa = XCConfigurationList;
			buildConfigurations = (
				B01D1FA4185930EE009B7081 /* Debug */,
				B01D1FA5185930EE009B7081 /* Release */,
			);
			defaultConfigurationIsVisible = 0;
			defaultConfigurationName = Release;
		};
		B01D1FA6185930EE009B7081 /* Build configuration list for PBXNativeTarget "LibraryBrowserTests" */ = {
			isa = XCConfigurationList;
			buildConfigurations = (
				B01D1FA7185930EE009B7081 /* Debug */,
				B01D1FA8185930EE009B7081 /* Release */,
			);
			defaultConfigurationIsVisible = 0;
			defaultConfigurationName = Release;
		};
/* End XCConfigurationList section */

/* Begin XCVersionGroup section */
		B01D1FB4185932CF009B7081 /* LibraryModel.xcdatamodeld */ = {
			isa = XCVersionGroup;
			children = (
				B01D1FB5185932CF009B7081 /* LibraryModel.xcdatamodel */,
			);
			currentVersion = B01D1FB5185932CF009B7081 /* LibraryModel.xcdatamodel */;
			path = LibraryModel.xcdatamodeld;
			sourceTree = "<group>";
			versionGroupType = wrapper.xcdatamodel;
		};
/* End XCVersionGroup section */
	};
	rootObject = B01D1F66185930EE009B7081 /* Project object */;
}
